// !$*UTF8*$!
{
	archiveVersion = 1;
	classes = {
	};
	objectVersion = 77;
	objects = {

/* Begin PBXBuildFile section */
		E45782352F5938BF00BC524B /* TensorFlowLiteSwift in Frameworks */ = {isa = PBXBuildFile; productRef = E45782342F5938BF00BC524B /* TensorFlowLiteSwift */; };
		E4D2019D2F74E603002FFE3D /* FirebaseAnalytics in Frameworks */ = {isa = PBXBuildFile; productRef = E4D2019C2F74E603002FFE3D /* FirebaseAnalytics */; };
		E4EACE0D2F7B507D00D3B87C /* FirebaseCrashlytics in Frameworks */ = {isa = PBXBuildFile; productRef = E4EACE0C2F7B507D00D3B87C /* FirebaseCrashlytics */; };
/* End PBXBuildFile section */

/* Begin PBXContainerItemProxy section */
		E488F2922F57799B00E7FE85 /* PBXContainerItemProxy */ = {
			isa = PBXContainerItemProxy;
			containerPortal = E488F27C2F57799A00E7FE85 /* Project object */;
			proxyType = 1;
			remoteGlobalIDString = E488F2832F57799A00E7FE85;
			remoteInfo = Groupify;
		};
		E488F29C2F57799B00E7FE85 /* PBXContainerItemProxy */ = {
			isa = PBXContainerItemProxy;
			containerPortal = E488F27C2F57799A00E7FE85 /* Project object */;
			proxyType = 1;
			remoteGlobalIDString = E488F2832F57799A00E7FE85;
			remoteInfo = Groupify;
		};
/* End PBXContainerItemProxy section */

/* Begin PBXFileReference section */
		E488F2842F57799A00E7FE85 /* Groupify.app */ = {isa = PBXFileReference; explicitFileType = wrapper.application; includeInIndex = 0; path = Groupify.app; sourceTree = BUILT_PRODUCTS_DIR; };
		E488F2912F57799B00E7FE85 /* GroupifyTests.xctest */ = {isa = PBXFileReference; explicitFileType = wrapper.cfbundle; includeInIndex = 0; path = GroupifyTests.xctest; sourceTree = BUILT_PRODUCTS_DIR; };
		E488F29B2F57799B00E7FE85 /* GroupifyUITests.xctest */ = {isa = PBXFileReference; explicitFileType = wrapper.cfbundle; includeInIndex = 0; path = GroupifyUITests.xctest; sourceTree = BUILT_PRODUCTS_DIR; };
/* End PBXFileReference section */

/* Begin PBXFileSystemSynchronizedBuildFileExceptionSet section */
		E402BE7E2F57CDB900CC8A0F /* Exceptions for "Groupify" folder in "Groupify" target */ = {
			isa = PBXFileSystemSynchronizedBuildFileExceptionSet;
			membershipExceptions = (
				Info.plist,
			);
			target = E488F2832F57799A00E7FE85 /* Groupify */;
		};
		E4D201992F74E4FB002FFE3D /* Exceptions for "Groupify" folder in "GroupifyTests" target */ = {
			isa = PBXFileSystemSynchronizedBuildFileExceptionSet;
			membershipExceptions = (
				"GoogleService-Info.plist",
			);
			target = E488F2902F57799B00E7FE85 /* GroupifyTests */;
		};
		E4D2019A2F74E4FB002FFE3D /* Exceptions for "Groupify" folder in "GroupifyUITests" target */ = {
			isa = PBXFileSystemSynchronizedBuildFileExceptionSet;
			membershipExceptions = (
				"GoogleService-Info.plist",
			);
			target = E488F29A2F57799B00E7FE85 /* GroupifyUITests */;
		};
/* End PBXFileSystemSynchronizedBuildFileExceptionSet section */

/* Begin PBXFileSystemSynchronizedRootGroup section */
		E488F2862F57799A00E7FE85 /* Groupify */ = {
			isa = PBXFileSystemSynchronizedRootGroup;
			exceptions = (
				E402BE7E2F57CDB900CC8A0F /* Exceptions for "Groupify" folder in "Groupify" target */,
				E4D201992F74E4FB002FFE3D /* Exceptions for "Groupify" folder in "GroupifyTests" target */,
				E4D2019A2F74E4FB002FFE3D /* Exceptions for "Groupify" folder in "GroupifyUITests" target */,
			);
			path = Groupify;
			sourceTree = "<group>";
		};
		E488F2942F57799B00E7FE85 /* GroupifyTests */ = {
			isa = PBXFileSystemSynchronizedRootGroup;
			path = GroupifyTests;
			sourceTree = "<group>";
		};
		E488F29E2F57799B00E7FE85 /* GroupifyUITests */ = {
			isa = PBXFileSystemSynchronizedRootGroup;
			path = GroupifyUITests;
			sourceTree = "<group>";
		};
/* End PBXFileSystemSynchronizedRootGroup section */

/* Begin PBXFrameworksBuildPhase section */
		E488F2812F57799A00E7FE85 /* Frameworks */ = {
			isa = PBXFrameworksBuildPhase;
			buildActionMask = 2147483647;
			files = (
				E4EACE0D2F7B507D00D3B87C /* FirebaseCrashlytics in Frameworks */,
				E4D2019D2F74E603002FFE3D /* FirebaseAnalytics in Frameworks */,
				E45782352F5938BF00BC524B /* TensorFlowLiteSwift in Frameworks */,
			);
			runOnlyForDeploymentPostprocessing = 0;
		};
		E488F28E2F57799B00E7FE85 /* Frameworks */ = {
			isa = PBXFrameworksBuildPhase;
			buildActionMask = 2147483647;
			files = (
			);
			runOnlyForDeploymentPostprocessing = 0;
		};
		E488F2982F57799B00E7FE85 /* Frameworks */ = {
			isa = PBXFrameworksBuildPhase;
			buildActionMask = 2147483647;
			files = (
			);
			runOnlyForDeploymentPostprocessing = 0;
		};
/* End PBXFrameworksBuildPhase section */

/* Begin PBXGroup section */
		E488F27B2F57799A00E7FE85 = {
			isa = PBXGroup;
			children = (
				E488F2862F57799A00E7FE85 /* Groupify */,
				E488F2942F57799B00E7FE85 /* GroupifyTests */,
				E488F29E2F57799B00E7FE85 /* GroupifyUITests */,
				E4EACE0B2F7B507D00D3B87C /* Frameworks */,
				E488F2852F57799A00E7FE85 /* Products */,
			);
			sourceTree = "<group>";
		};
		E488F2852F57799A00E7FE85 /* Products */ = {
			isa = PBXGroup;
			children = (
				E488F2842F57799A00E7FE85 /* Groupify.app */,
				E488F2912F57799B00E7FE85 /* GroupifyTests.xctest */,
				E488F29B2F57799B00E7FE85 /* GroupifyUITests.xctest */,
			);
			name = Products;
			sourceTree = "<group>";
		};
		E4EACE0B2F7B507D00D3B87C /* Frameworks */ = {
			isa = PBXGroup;
			children = (
			);
			name = Frameworks;
			sourceTree = "<group>";
		};
/* End PBXGroup section */

/* Begin PBXNativeTarget section */
		E488F2832F57799A00E7FE85 /* Groupify */ = {
			isa = PBXNativeTarget;
			buildConfigurationList = E488F2A52F57799B00E7FE85 /* Build configuration list for PBXNativeTarget "Groupify" */;
			buildPhases = (
				E488F2802F57799A00E7FE85 /* Sources */,
				E488F2812F57799A00E7FE85 /* Frameworks */,
				E488F2822F57799A00E7FE85 /* Resources */,
				E4EACE0E2F7B517000D3B87C /* Run Script */,
			);
			buildRules = (
			);
			dependencies = (
			);
			fileSystemSynchronizedGroups = (
				E488F2862F57799A00E7FE85 /* Groupify */,
			);
			name = Groupify;
			packageProductDependencies = (
				E45782342F5938BF00BC524B /* TensorFlowLiteSwift */,
				E4D2019C2F74E603002FFE3D /* FirebaseAnalytics */,
				E4EACE0C2F7B507D00D3B87C /* FirebaseCrashlytics */,
			);
			productName = Groupify;
			productReference = E488F2842F57799A00E7FE85 /* Groupify.app */;
			productType = "com.apple.product-type.application";
		};
		E488F2902F57799B00E7FE85 /* GroupifyTests */ = {
			isa = PBXNativeTarget;
			buildConfigurationList = E488F2A82F57799B00E7FE85 /* Build configuration list for PBXNativeTarget "GroupifyTests" */;
			buildPhases = (
				E488F28D2F57799B00E7FE85 /* Sources */,
				E488F28E2F57799B00E7FE85 /* Frameworks */,
				E488F28F2F57799B00E7FE85 /* Resources */,
			);
			buildRules = (
			);
			dependencies = (
				E488F2932F57799B00E7FE85 /* PBXTargetDependency */,
			);
			fileSystemSynchronizedGroups = (
				E488F2942F57799B00E7FE85 /* GroupifyTests */,
			);
			name = GroupifyTests;
			packageProductDependencies = (
			);
			productName = GroupifyTests;
			productReference = E488F2912F57799B00E7FE85 /* GroupifyTests.xctest */;
			productType = "com.apple.product-type.bundle.unit-test";
		};
		E488F29A2F57799B00E7FE85 /* GroupifyUITests */ = {
			isa = PBXNativeTarget;
			buildConfigurationList = E488F2AB2F57799B00E7FE85 /* Build configuration list for PBXNativeTarget "GroupifyUITests" */;
			buildPhases = (
				E488F2972F57799B00E7FE85 /* Sources */,
				E488F2982F57799B00E7FE85 /* Frameworks */,
				E488F2992F57799B00E7FE85 /* Resources */,
			);
			buildRules = (
			);
			dependencies = (
				E488F29D2F57799B00E7FE85 /* PBXTargetDependency */,
			);
			fileSystemSynchronizedGroups = (
				E488F29E2F57799B00E7FE85 /* GroupifyUITests */,
			);
			name = GroupifyUITests;
			packageProductDependencies = (
			);
			productName = GroupifyUITests;
			productReference = E488F29B2F57799B00E7FE85 /* GroupifyUITests.xctest */;
			productType = "com.apple.product-type.bundle.ui-testing";
		};
/* End PBXNativeTarget section */

/* Begin PBXProject section */
		E488F27C2F57799A00E7FE85 /* Project object */ = {
			isa = PBXProject;
			attributes = {
				BuildIndependentTargetsInParallel = 1;
				LastSwiftUpdateCheck = 2630;
				LastUpgradeCheck = 2630;
				TargetAttributes = {
					E488F2832F57799A00E7FE85 = {
						CreatedOnToolsVersion = 26.3;
					};
					E488F2902F57799B00E7FE85 = {
						CreatedOnToolsVersion = 26.3;
						TestTargetID = E488F2832F57799A00E7FE85;
					};
					E488F29A2F57799B00E7FE85 = {
						CreatedOnToolsVersion = 26.3;
						TestTargetID = E488F2832F57799A00E7FE85;
					};
				};
			};
			buildConfigurationList = E488F27F2F57799A00E7FE85 /* Build configuration list for PBXProject "Groupify" */;
			developmentRegion = en;
			hasScannedForEncodings = 0;
			knownRegions = (
				en,
				Base,
				es,
			);
			mainGroup = E488F27B2F57799A00E7FE85;
			minimizedProjectReferenceProxies = 1;
			packageReferences = (
				E45782332F5938BF00BC524B /* XCRemoteSwiftPackageReference "TensorFlowLiteSwift" */,
				E4D2019B2F74E603002FFE3D /* XCRemoteSwiftPackageReference "firebase-ios-sdk" */,
			);
			preferredProjectObjectVersion = 77;
			productRefGroup = E488F2852F57799A00E7FE85 /* Products */;
			projectDirPath = "";
			projectRoot = "";
			targets = (
				E488F2832F57799A00E7FE85 /* Groupify */,
				E488F2902F57799B00E7FE85 /* GroupifyTests */,
				E488F29A2F57799B00E7FE85 /* GroupifyUITests */,
			);
		};
/* End PBXProject section */

/* Begin PBXResourcesBuildPhase section */
		E488F2822F57799A00E7FE85 /* Resources */ = {
			isa = PBXResourcesBuildPhase;
			buildActionMask = 2147483647;
			files = (
			);
			runOnlyForDeploymentPostprocessing = 0;
		};
		E488F28F2F57799B00E7FE85 /* Resources */ = {
			isa = PBXResourcesBuildPhase;
			buildActionMask = 2147483647;
			files = (
			);
			runOnlyForDeploymentPostprocessing = 0;
		};
		E488F2992F57799B00E7FE85 /* Resources */ = {
			isa = PBXResourcesBuildPhase;
			buildActionMask = 2147483647;
			files = (
			);
			runOnlyForDeploymentPostprocessing = 0;
		};
/* End PBXResourcesBuildPhase section */

/* Begin PBXShellScriptBuildPhase section */
		E4EACE0E2F7B517000D3B87C /* Run Script */ = {
			isa = PBXShellScriptBuildPhase;
			buildActionMask = 2147483647;
			files = (
			);
			inputFileListPaths = (
			);
			inputPaths = (
				"${DWARF_DSYM_FOLDER_PATH}/${DWARF_DSYM_FILE_NAME}",
				"${DWARF_DSYM_FOLDER_PATH}/${DWARF_DSYM_FILE_NAME}/Contents/Resources/DWARF/${PRODUCT_NAME}",
				"${DWARF_DSYM_FOLDER_PATH}/${DWARF_DSYM_FILE_NAME}/Contents/Info.plist",
				"$(TARGET_BUILD_DIR)/$(UNLOCALIZED_RESOURCES_FOLDER_PATH)/GoogleService-Info.plist",
				"$(TARGET_BUILD_DIR)/$(EXECUTABLE_PATH)",
				"${DWARF_DSYM_FOLDER_PATH}/${DWARF_DSYM_FILE_NAME}/Contents/Resources/DWARF/${PRODUCT_NAME}.debug.dylib",
			);
			name = "Run Script";
			outputFileListPaths = (
			);
			outputPaths = (
			);
			runOnlyForDeploymentPostprocessing = 0;
			shellPath = /bin/sh;
			shellScript = "\"${BUILD_DIR%/Build/*}/SourcePackages/checkouts/firebase-ios-sdk/Crashlytics/run\"\n\n";
		};
/* End PBXShellScriptBuildPhase section */

/* Begin PBXSourcesBuildPhase section */
		E488F2802F57799A00E7FE85 /* Sources */ = {
			isa = PBXSourcesBuildPhase;
			buildActionMask = 2147483647;
			files = (
			);
			runOnlyForDeploymentPostprocessing = 0;
		};
		E488F28D2F57799B00E7FE85 /* Sources */ = {
			isa = PBXSourcesBuildPhase;
			buildActionMask = 2147483647;
			files = (
			);
			runOnlyForDeploymentPostprocessing = 0;
		};
		E488F2972F57799B00E7FE85 /* Sources */ = {
			isa = PBXSourcesBuildPhase;
			buildActionMask = 2147483647;
			files = (
			);
			runOnlyForDeploymentPostprocessing = 0;
		};
/* End PBXSourcesBuildPhase section */

/* Begin PBXTargetDependency section */
		E488F2932F57799B00E7FE85 /* PBXTargetDependency */ = {
			isa = PBXTargetDependency;
			target = E488F2832F57799A00E7FE85 /* Groupify */;
			targetProxy = E488F2922F57799B00E7FE85 /* PBXContainerItemProxy */;
		};
		E488F29D2F57799B00E7FE85 /* PBXTargetDependency */ = {
			isa = PBXTargetDependency;
			target = E488F2832F57799A00E7FE85 /* Groupify */;
			targetProxy = E488F29C2F57799B00E7FE85 /* PBXContainerItemProxy */;
		};
/* End PBXTargetDependency section */

/* Begin XCBuildConfiguration section */
		E488F2A32F57799B00E7FE85 /* Debug */ = {
			isa = XCBuildConfiguration;
			buildSettings = {
				ALWAYS_SEARCH_USER_PATHS = NO;
				ASSETCATALOG_COMPILER_GENERATE_SWIFT_ASSET_SYMBOL_EXTENSIONS = YES;
				CLANG_ANALYZER_NONNULL = YES;
				CLANG_ANALYZER_NUMBER_OBJECT_CONVERSION = YES_AGGRESSIVE;
				CLANG_CXX_LANGUAGE_STANDARD = "gnu++20";
				CLANG_ENABLE_MODULES = YES;
				CLANG_ENABLE_OBJC_ARC = YES;
				CLANG_ENABLE_OBJC_WEAK = YES;
				CLANG_WARN_BLOCK_CAPTURE_AUTORELEASING = YES;
				CLANG_WARN_BOOL_CONVERSION = YES;
				CLANG_WARN_COMMA = YES;
				CLANG_WARN_CONSTANT_CONVERSION = YES;
				CLANG_WARN_DEPRECATED_OBJC_IMPLEMENTATIONS = YES;
				CLANG_WARN_DIRECT_OBJC_ISA_USAGE = YES_ERROR;
				CLANG_WARN_DOCUMENTATION_COMMENTS = YES;
				CLANG_WARN_EMPTY_BODY = YES;
				CLANG_WARN_ENUM_CONVERSION = YES;
				CLANG_WARN_INFINITE_RECURSION = YES;
				CLANG_WARN_INT_CONVERSION = YES;
				CLANG_WARN_NON_LITERAL_NULL_CONVERSION = YES;
				CLANG_WARN_OBJC_IMPLICIT_RETAIN_SELF = YES;
				CLANG_WARN_OBJC_LITERAL_CONVERSION = YES;
				CLANG_WARN_OBJC_ROOT_CLASS = YES_ERROR;
				CLANG_WARN_QUOTED_INCLUDE_IN_FRAMEWORK_HEADER = YES;
				CLANG_WARN_RANGE_LOOP_ANALYSIS = YES;
				CLANG_WARN_STRICT_PROTOTYPES = YES;
				CLANG_WARN_SUSPICIOUS_MOVE = YES;
				CLANG_WARN_UNGUARDED_AVAILABILITY = YES_AGGRESSIVE;
				CLANG_WARN_UNREACHABLE_CODE = YES;
				CLANG_WARN__DUPLICATE_METHOD_MATCH = YES;
				COPY_PHASE_STRIP = NO;
				DEBUG_INFORMATION_FORMAT = dwarf;
				ENABLE_STRICT_OBJC_MSGSEND = YES;
				ENABLE_TESTABILITY = YES;
				ENABLE_USER_SCRIPT_SANDBOXING = YES;
				GCC_C_LANGUAGE_STANDARD = gnu17;
				GCC_DYNAMIC_NO_PIC = NO;
				GCC_NO_COMMON_BLOCKS = YES;
				GCC_OPTIMIZATION_LEVEL = 0;
				GCC_PREPROCESSOR_DEFINITIONS = (
					"DEBUG=1",
					"$(inherited)",
				);
				GCC_WARN_64_TO_32_BIT_CONVERSION = YES;
				GCC_WARN_ABOUT_RETURN_TYPE = YES_ERROR;
				GCC_WARN_UNDECLARED_SELECTOR = YES;
				GCC_WARN_UNINITIALIZED_AUTOS = YES_AGGRESSIVE;
				GCC_WARN_UNUSED_FUNCTION = YES;
				GCC_WARN_UNUSED_VARIABLE = YES;
				IPHONEOS_DEPLOYMENT_TARGET = 26.2;
				LOCALIZATION_PREFERS_STRING_CATALOGS = YES;
				MTL_ENABLE_DEBUG_INFO = INCLUDE_SOURCE;
				MTL_FAST_MATH = YES;
				ONLY_ACTIVE_ARCH = YES;
				SDKROOT = iphoneos;
				SWIFT_ACTIVE_COMPILATION_CONDITIONS = "DEBUG $(inherited)";
				SWIFT_OPTIMIZATION_LEVEL = "-Onone";
			};
			name = Debug;
		};
		E488F2A42F57799B00E7FE85 /* Release */ = {
			isa = XCBuildConfiguration;
			buildSettings = {
				ALWAYS_SEARCH_USER_PATHS = NO;
				ASSETCATALOG_COMPILER_GENERATE_SWIFT_ASSET_SYMBOL_EXTENSIONS = YES;
				CLANG_ANALYZER_NONNULL = YES;
				CLANG_ANALYZER_NUMBER_OBJECT_CONVERSION = YES_AGGRESSIVE;
				CLANG_CXX_LANGUAGE_STANDARD = "gnu++20";
				CLANG_ENABLE_MODULES = YES;
				CLANG_ENABLE_OBJC_ARC = YES;
				CLANG_ENABLE_OBJC_WEAK = YES;
				CLANG_WARN_BLOCK_CAPTURE_AUTORELEASING = YES;
				CLANG_WARN_BOOL_CONVERSION = YES;
				CLANG_WARN_COMMA = YES;
				CLANG_WARN_CONSTANT_CONVERSION = YES;
				CLANG_WARN_DEPRECATED_OBJC_IMPLEMENTATIONS = YES;
				CLANG_WARN_DIRECT_OBJC_ISA_USAGE = YES_ERROR;
				CLANG_WARN_DOCUMENTATION_COMMENTS = YES;
				CLANG_WARN_EMPTY_BODY = YES;
				CLANG_WARN_ENUM_CONVERSION = YES;
				CLANG_WARN_INFINITE_RECURSION = YES;
				CLANG_WARN_INT_CONVERSION = YES;
				CLANG_WARN_NON_LITERAL_NULL_CONVERSION = YES;
				CLANG_WARN_OBJC_IMPLICIT_RETAIN_SELF = YES;
				CLANG_WARN_OBJC_LITERAL_CONVERSION = YES;
				CLANG_WARN_OBJC_ROOT_CLASS = YES_ERROR;
				CLANG_WARN_QUOTED_INCLUDE_IN_FRAMEWORK_HEADER = YES;
				CLANG_WARN_RANGE_LOOP_ANALYSIS = YES;
				CLANG_WARN_STRICT_PROTOTYPES = YES;
				CLANG_WARN_SUSPICIOUS_MOVE = YES;
				CLANG_WARN_UNGUARDED_AVAILABILITY = YES_AGGRESSIVE;
				CLANG_WARN_UNREACHABLE_CODE = YES;
				CLANG_WARN__DUPLICATE_METHOD_MATCH = YES;
				COPY_PHASE_STRIP = NO;
				DEBUG_INFORMATION_FORMAT = "dwarf-with-dsym";
				ENABLE_NS_ASSERTIONS = NO;
				ENABLE_STRICT_OBJC_MSGSEND = YES;
				ENABLE_USER_SCRIPT_SANDBOXING = YES;
				GCC_C_LANGUAGE_STANDARD = gnu17;
				GCC_NO_COMMON_BLOCKS = YES;
				GCC_WARN_64_TO_32_BIT_CONVERSION = YES;
				GCC_WARN_ABOUT_RETURN_TYPE = YES_ERROR;
				GCC_WARN_UNDECLARED_SELECTOR = YES;
				GCC_WARN_UNINITIALIZED_AUTOS = YES_AGGRESSIVE;
				GCC_WARN_UNUSED_FUNCTION = YES;
				GCC_WARN_UNUSED_VARIABLE = YES;
				IPHONEOS_DEPLOYMENT_TARGET = 26.2;
				LOCALIZATION_PREFERS_STRING_CATALOGS = YES;
				MTL_ENABLE_DEBUG_INFO = NO;
				MTL_FAST_MATH = YES;
				SDKROOT = iphoneos;
				SWIFT_COMPILATION_MODE = wholemodule;
				VALIDATE_PRODUCT = YES;
			};
			name = Release;
		};
		E488F2A62F57799B00E7FE85 /* Debug */ = {
			isa = XCBuildConfiguration;
			buildSettings = {
				ASSETCATALOG_COMPILER_APPICON_NAME = AppIcon;
				ASSETCATALOG_COMPILER_GLOBAL_ACCENT_COLOR_NAME = AccentColor;
				CODE_SIGN_STYLE = Automatic;
				CURRENT_PROJECT_VERSION = 2;
				DEVELOPMENT_TEAM = U8UVJJVY74;
				ENABLE_PREVIEWS = YES;
				GENERATE_INFOPLIST_FILE = YES;
				INFOPLIST_FILE = Groupify/Info.plist;
				INFOPLIST_KEY_CFBundleDisplayName = Groupify;
				INFOPLIST_KEY_NSCameraUsageDescription = "Groupify needs camera access to take a photo for matching.";
				INFOPLIST_KEY_NSPhotoLibraryAddUsageDescription = "Groupify needs to save temporary images for sharing.";
				INFOPLIST_KEY_NSPhotoLibraryUsageDescription = "Groupify needs access to your photo library to find matching photos.";
				INFOPLIST_KEY_UIApplicationSceneManifest_Generation = YES;
				INFOPLIST_KEY_UIApplicationSupportsIndirectInputEvents = YES;
				INFOPLIST_KEY_UILaunchScreen_Generation = YES;
				INFOPLIST_KEY_UISupportedInterfaceOrientations = UIInterfaceOrientationPortrait;
				INFOPLIST_KEY_UISupportedInterfaceOrientations_iPad = "UIInterfaceOrientationLandscapeLeft UIInterfaceOrientationLandscapeRight UIInterfaceOrientationPortrait UIInterfaceOrientationPortraitUpsideDown";
				IPHONEOS_DEPLOYMENT_TARGET = 15.6;
				LD_RUNPATH_SEARCH_PATHS = (
					"$(inherited)",
					"@executable_path/Frameworks",
				);
				MARKETING_VERSION = 1.0.1;
				PRODUCT_BUNDLE_IDENTIFIER = com.palmyrasoft.groupify;
				PRODUCT_NAME = "$(TARGET_NAME)";
				STRING_CATALOG_GENERATE_SYMBOLS = YES;
				SUPPORTED_PLATFORMS = "iphoneos iphonesimulator";
				SUPPORTS_MACCATALYST = NO;
				SUPPORTS_MAC_DESIGNED_FOR_IPHONE_IPAD = NO;
				SUPPORTS_XR_DESIGNED_FOR_IPHONE_IPAD = NO;
				SWIFT_APPROACHABLE_CONCURRENCY = YES;
				SWIFT_DEFAULT_ACTOR_ISOLATION = MainActor;
				SWIFT_EMIT_LOC_STRINGS = YES;
				SWIFT_UPCOMING_FEATURE_MEMBER_IMPORT_VISIBILITY = YES;
				SWIFT_VERSION = 5.0;
				TARGETED_DEVICE_FAMILY = "1,2";
			};
			name = Debug;
		};
		E488F2A72F57799B00E7FE85 /* Release */ = {
			isa = XCBuildConfiguration;
			buildSettings = {
				ASSETCATALOG_COMPILER_APPICON_NAME = AppIcon;
				ASSETCATALOG_COMPILER_GLOBAL_ACCENT_COLOR_NAME = AccentColor;
				CODE_SIGN_STYLE = Automatic;
				CURRENT_PROJECT_VERSION = 2;
				DEVELOPMENT_TEAM = U8UVJJVY74;
				ENABLE_PREVIEWS = YES;
				GENERATE_INFOPLIST_FILE = YES;
				INFOPLIST_FILE = Groupify/Info.plist;
				INFOPLIST_KEY_CFBundleDisplayName = Groupify;
				INFOPLIST_KEY_NSCameraUsageDescription = "Groupify needs camera access to take a photo for matching.";
				INFOPLIST_KEY_NSPhotoLibraryAddUsageDescription = "Groupify needs to save temporary images for sharing.";
				INFOPLIST_KEY_NSPhotoLibraryUsageDescription = "Groupify needs access to your photo library to find matching photos.";
				INFOPLIST_KEY_UIApplicationSceneManifest_Generation = YES;
				INFOPLIST_KEY_UIApplicationSupportsIndirectInputEvents = YES;
				INFOPLIST_KEY_UILaunchScreen_Generation = YES;
				INFOPLIST_KEY_UISupportedInterfaceOrientations = UIInterfaceOrientationPortrait;
				INFOPLIST_KEY_UISupportedInterfaceOrientations_iPad = "UIInterfaceOrientationLandscapeLeft UIInterfaceOrientationLandscapeRight UIInterfaceOrientationPortrait UIInterfaceOrientationPortraitUpsideDown";
				IPHONEOS_DEPLOYMENT_TARGET = 15.6;
				LD_RUNPATH_SEARCH_PATHS = (
					"$(inherited)",
					"@executable_path/Frameworks",
				);
				MARKETING_VERSION = 1.0.1;
				PRODUCT_BUNDLE_IDENTIFIER = com.palmyrasoft.groupify;
				PRODUCT_NAME = "$(TARGET_NAME)";
				STRING_CATALOG_GENERATE_SYMBOLS = YES;
				SUPPORTED_PLATFORMS = "iphoneos iphonesimulator";
				SUPPORTS_MACCATALYST = NO;
				SUPPORTS_MAC_DESIGNED_FOR_IPHONE_IPAD = NO;
				SUPPORTS_XR_DESIGNED_FOR_IPHONE_IPAD = NO;
				SWIFT_APPROACHABLE_CONCURRENCY = YES;
				SWIFT_DEFAULT_ACTOR_ISOLATION = MainActor;
				SWIFT_EMIT_LOC_STRINGS = YES;
				SWIFT_UPCOMING_FEATURE_MEMBER_IMPORT_VISIBILITY = YES;
				SWIFT_VERSION = 5.0;
				TARGETED_DEVICE_FAMILY = "1,2";
			};
			name = Release;
		};
		E488F2A92F57799B00E7FE85 /* Debug */ = {
			isa = XCBuildConfiguration;
			buildSettings = {
				BUNDLE_LOADER = "$(TEST_HOST)";
				CODE_SIGN_STYLE = Automatic;
				CURRENT_PROJECT_VERSION = 1;
				GENERATE_INFOPLIST_FILE = YES;
				IPHONEOS_DEPLOYMENT_TARGET = 26.2;
				MARKETING_VERSION = 1.0;
				PRODUCT_BUNDLE_IDENTIFIER = com.palmyrasoft.GroupifyTests;
				PRODUCT_NAME = "$(TARGET_NAME)";
				STRING_CATALOG_GENERATE_SYMBOLS = NO;
				SWIFT_APPROACHABLE_CONCURRENCY = YES;
				SWIFT_EMIT_LOC_STRINGS = NO;
				SWIFT_UPCOMING_FEATURE_MEMBER_IMPORT_VISIBILITY = YES;
				SWIFT_VERSION = 5.0;
				TARGETED_DEVICE_FAMILY = "1,2";
				TEST_HOST = "$(BUILT_PRODUCTS_DIR)/Groupify.app/$(BUNDLE_EXECUTABLE_FOLDER_PATH)/Groupify";
			};
			name = Debug;
		};
		E488F2AA2F57799B00E7FE85 /* Release */ = {
			isa = XCBuildConfiguration;
			buildSettings = {
				BUNDLE_LOADER = "$(TEST_HOST)";
				CODE_SIGN_STYLE = Automatic;
				CURRENT_PROJECT_VERSION = 1;
				GENERATE_INFOPLIST_FILE = YES;
				IPHONEOS_DEPLOYMENT_TARGET = 26.2;
				MARKETING_VERSION = 1.0;
				PRODUCT_BUNDLE_IDENTIFIER = com.palmyrasoft.GroupifyTests;
				PRODUCT_NAME = "$(TARGET_NAME)";
				STRING_CATALOG_GENERATE_SYMBOLS = NO;
				SWIFT_APPROACHABLE_CONCURRENCY = YES;
				SWIFT_EMIT_LOC_STRINGS = NO;
				SWIFT_UPCOMING_FEATURE_MEMBER_IMPORT_VISIBILITY = YES;
				SWIFT_VERSION = 5.0;
				TARGETED_DEVICE_FAMILY = "1,2";
				TEST_HOST = "$(BUILT_PRODUCTS_DIR)/Groupify.app/$(BUNDLE_EXECUTABLE_FOLDER_PATH)/Groupify";
			};
			name = Release;
		};
		E488F2AC2F57799B00E7FE85 /* Debug */ = {
			isa = XCBuildConfiguration;
			buildSettings = {
				CODE_SIGN_STYLE = Automatic;
				CURRENT_PROJECT_VERSION = 1;
				GENERATE_INFOPLIST_FILE = YES;
				MARKETING_VERSION = 1.0;
				PRODUCT_BUNDLE_IDENTIFIER = com.palmyrasoft.GroupifyUITests;
				PRODUCT_NAME = "$(TARGET_NAME)";
				STRING_CATALOG_GENERATE_SYMBOLS = NO;
				SWIFT_APPROACHABLE_CONCURRENCY = YES;
				SWIFT_EMIT_LOC_STRINGS = NO;
				SWIFT_UPCOMING_FEATURE_MEMBER_IMPORT_VISIBILITY = YES;
				SWIFT_VERSION = 5.0;
				TARGETED_DEVICE_FAMILY = "1,2";
				TEST_TARGET_NAME = Groupify;
			};
			name = Debug;
		};
		E488F2AD2F57799B00E7FE85 /* Release */ = {
			isa = XCBuildConfiguration;
			buildSettings = {
				CODE_SIGN_STYLE = Automatic;
				CURRENT_PROJECT_VERSION = 1;
				GENERATE_INFOPLIST_FILE = YES;
				MARKETING_VERSION = 1.0;
				PRODUCT_BUNDLE_IDENTIFIER = com.palmyrasoft.GroupifyUITests;
				PRODUCT_NAME = "$(TARGET_NAME)";
				STRING_CATALOG_GENERATE_SYMBOLS = NO;
				SWIFT_APPROACHABLE_CONCURRENCY = YES;
				SWIFT_EMIT_LOC_STRINGS = NO;
				SWIFT_UPCOMING_FEATURE_MEMBER_IMPORT_VISIBILITY = YES;
				SWIFT_VERSION = 5.0;
				TARGETED_DEVICE_FAMILY = "1,2";
				TEST_TARGET_NAME = Groupify;
			};
			name = Release;
		};
/* End XCBuildConfiguration section */

/* Begin XCConfigurationList section */
		E488F27F2F57799A00E7FE85 /* Build configuration list for PBXProject "Groupify" */ = {
			isa = XCConfigurationList;
			buildConfigurations = (
				E488F2A32F57799B00E7FE85 /* Debug */,
				E488F2A42F57799B00E7FE85 /* Release */,
			);
			defaultConfigurationIsVisible = 0;
			defaultConfigurationName = Release;
		};
		E488F2A52F57799B00E7FE85 /* Build configuration list for PBXNativeTarget "Groupify" */ = {
			isa = XCConfigurationList;
			buildConfigurations = (
				E488F2A62F57799B00E7FE85 /* Debug */,
				E488F2A72F57799B00E7FE85 /* Release */,
			);
			defaultConfigurationIsVisible = 0;
			defaultConfigurationName = Release;
		};
		E488F2A82F57799B00E7FE85 /* Build configuration list for PBXNativeTarget "GroupifyTests" */ = {
			isa = XCConfigurationList;
			buildConfigurations = (
				E488F2A92F57799B00E7FE85 /* Debug */,
				E488F2AA2F57799B00E7FE85 /* Release */,
			);
			defaultConfigurationIsVisible = 0;
			defaultConfigurationName = Release;
		};
		E488F2AB2F57799B00E7FE85 /* Build configuration list for PBXNativeTarget "GroupifyUITests" */ = {
			isa = XCConfigurationList;
			buildConfigurations = (
				E488F2AC2F57799B00E7FE85 /* Debug */,
				E488F2AD2F57799B00E7FE85 /* Release */,
			);
			defaultConfigurationIsVisible = 0;
			defaultConfigurationName = Release;
		};
/* End XCConfigurationList section */

/* Begin XCRemoteSwiftPackageReference section */
		E45782332F5938BF00BC524B /* XCRemoteSwiftPackageReference "TensorFlowLiteSwift" */ = {
			isa = XCRemoteSwiftPackageReference;
			repositoryURL = "https://github.com/tareksabry1337/TensorFlowLiteSwift";
			requirement = {
				kind = upToNextMajorVersion;
				minimumVersion = 2.14.0;
			};
		};
		E4D2019B2F74E603002FFE3D /* XCRemoteSwiftPackageReference "firebase-ios-sdk" */ = {
			isa = XCRemoteSwiftPackageReference;
			repositoryURL = "https://github.com/firebase/firebase-ios-sdk";
			requirement = {
				kind = upToNextMajorVersion;
				minimumVersion = 12.11.0;
			};
		};
/* End XCRemoteSwiftPackageReference section */

/* Begin XCSwiftPackageProductDependency section */
		E45782342F5938BF00BC524B /* TensorFlowLiteSwift */ = {
			isa = XCSwiftPackageProductDependency;
			package = E45782332F5938BF00BC524B /* XCRemoteSwiftPackageReference "TensorFlowLiteSwift" */;
			productName = TensorFlowLiteSwift;
		};
		E4D2019C2F74E603002FFE3D /* FirebaseAnalytics */ = {
			isa = XCSwiftPackageProductDependency;
			package = E4D2019B2F74E603002FFE3D /* XCRemoteSwiftPackageReference "firebase-ios-sdk" */;
			productName = FirebaseAnalytics;
		};
		E4EACE0C2F7B507D00D3B87C /* FirebaseCrashlytics */ = {
			isa = XCSwiftPackageProductDependency;
			package = E4D2019B2F74E603002FFE3D /* XCRemoteSwiftPackageReference "firebase-ios-sdk" */;
			productName = FirebaseCrashlytics;
		};
/* End XCSwiftPackageProductDependency section */
	};
	rootObject = E488F27C2F57799A00E7FE85 /* Project object */;
}
